
Microsoft Visual Studio Solution File, Format Version 12.00
# Visual Studio Version 18
VisualStudioVersion = 18.1.11312.151
MinimumVisualStudioVersion = 10.0.40219.1
Project("{2150E333-8FDC-42A3-9474-1A3956D46DE8}") = "Presentation", "Presentation", "{9E7785A3-499E-4488-AE38-C494516BF735}"
EndProject
Project("{FAE04EC0-301F-11D3-BF4B-00C04F79EFBC}") = "CW.21.WebAPI", "CW.21.WebAPI\CW.21.WebAPI.csproj", "{B17E1EF1-2AB4-4D4E-B116-6283049BA84E}"
EndProject
Project("{2150E333-8FDC-42A3-9474-1A3956D46DE8}") = "Abstraction", "Abstraction", "{5D4FAB82-6B84-4F8C-BBD8-36AC1417BA1E}"
EndProject
Project("{2150E333-8FDC-42A3-9474-1A3956D46DE8}") = "Domain", "Domain", "{73F718F6-A74D-4B47-BA57-0B3C7ECB4B6B}"
EndProject
Project("{2150E333-8FDC-42A3-9474-1A3956D46DE8}") = "Infrastructure", "Infrastructure", "{75C7D90B-9C6B-41DD-A760-31C6EA72974D}"
EndProject
Project("{2150E333-8FDC-42A3-9474-1A3956D46DE8}") = "Application", "Application", "{53742132-0077-432C-B6A5-599C38D472BF}"
EndProject
Project("{FAE04EC0-301F-11D3-BF4B-00C04F79EFBC}") = "Cw.21.Abstraction", "Cw.21.Abstraction\Cw.21.Abstraction.csproj", "{7C982F7D-B8C0-44A4-A763-C4A78FF04D97}"
EndProject
Project("{FAE04EC0-301F-11D3-BF4B-00C04F79EFBC}") = "CW.21.Domain", "CW.21.Domain\CW.21.Domain.csproj", "{2AECAC44-A81E-4C53-98B2-0A9D0134706A}"
EndProject
Project("{FAE04EC0-301F-11D3-BF4B-00C04F79EFBC}") = "CW.21.Infrastructure", "CW.21.Infrastructure\CW.21.Infrastructure.csproj", "{E8DBCF68-2F7E-4410-8707-9086752BB8C1}"
EndProject
Project("{FAE04EC0-301F-11D3-BF4B-00C04F79EFBC}") = "CW.21.Service", "CW.21.Service\CW.21.Service.csproj", "{80EC620A-B448-4862-9D00-C7AA8ADFF9B9}"
EndProject
Global
	GlobalSection(SolutionConfigurationPlatforms) = preSolution
		Debug|Any CPU = Debug|Any CPU
		Release|Any CPU = Release|Any CPU
	EndGlobalSection
	GlobalSection(ProjectConfigurationPlatforms) = postSolution
		{B17E1EF1-2AB4-4D4E-B116-6283049BA84E}.Debug|Any CPU.ActiveCfg = Debug|Any CPU
		{B17E1EF1-2AB4-4D4E-B116-6283049BA84E}.Debug|Any CPU.Build.0 = Debug|Any CPU
		{B17E1EF1-2AB4-4D4E-B116-6283049BA84E}.Release|Any CPU.ActiveCfg = Release|Any CPU
		{B17E1EF1-2AB4-4D4E-B116-6283049BA84E}.Release|Any CPU.Build.0 = Release|Any CPU
		{7C982F7D-B8C0-44A4-A763-C4A78FF04D97}.Debug|Any CPU.ActiveCfg = Debug|Any CPU
		{7C982F7D-B8C0-44A4-A763-C4A78FF04D97}.Debug|Any CPU.Build.0 = Debug|Any CPU
		{7C982F7D-B8C0-44A4-A763-C4A78FF04D97}.Release|Any CPU.ActiveCfg = Release|Any CPU
		{7C982F7D-B8C0-44A4-A763-C4A78FF04D97}.Release|Any CPU.Build.0 = Release|Any CPU
		{2AECAC44-A81E-4C53-98B2-0A9D0134706A}.Debug|Any CPU.ActiveCfg = Debug|Any CPU
		{2AECAC44-A81E-4C53-98B2-0A9D0134706A}.Debug|Any CPU.Build.0 = Debug|Any CPU
		{2AECAC44-A81E-4C53-98B2-0A9D0134706A}.Release|Any CPU.ActiveCfg = Release|Any CPU
		{2AECAC44-A81E-4C53-98B2-0A9D0134706A}.Release|Any CPU.Build.0 = Release|Any CPU
		{E8DBCF68-2F7E-4410-8707-9086752BB8C1}.Debug|Any CPU.ActiveCfg = Debug|Any CPU
		{E8DBCF68-2F7E-4410-8707-9086752BB8C1}.Debug|Any CPU.Build.0 = Debug|Any CPU
		{E8DBCF68-2F7E-4410-8707-9086752BB8C1}.Release|Any CPU.ActiveCfg = Release|Any CPU
		{E8DBCF68-2F7E-4410-8707-9086752BB8C1}.Release|Any CPU.Build.0 = Release|Any CPU
		{80EC620A-B448-4862-9D00-C7AA8ADFF9B9}.Debug|Any CPU.ActiveCfg = Debug|Any CPU
		{80EC620A-B448-4862-9D00-C7AA8ADFF9B9}.Debug|Any CPU.Build.0 = Debug|Any CPU
		{80EC620A-B448-4862-9D00-C7AA8ADFF9B9}.Release|Any CPU.ActiveCfg = Release|Any CPU
		{80EC620A-B448-4862-9D00-C7AA8ADFF9B9}.Release|Any CPU.Build.0 = Release|Any CPU
	EndGlobalSection
	GlobalSection(SolutionProperties) = preSolution
		HideSolutionNode = FALSE
	EndGlobalSection
	GlobalSection(NestedProjects) = preSolution
		{7C982F7D-B8C0-44A4-A763-C4A78FF04D97} = {5D4FAB82-6B84-4F8C-BBD8-36AC1417BA1E}
		{2AECAC44-A81E-4C53-98B2-0A9D0134706A} = {73F718F6-A74D-4B47-BA57-0B3C7ECB4B6B}
		{E8DBCF68-2F7E-4410-8707-9086752BB8C1} = {75C7D90B-9C6B-41DD-A760-31C6EA72974D}
		{80EC620A-B448-4862-9D00-C7AA8ADFF9B9} = {53742132-0077-432C-B6A5-599C38D472BF}
		{B17E1EF1-2AB4-4D4E-B116-6283049BA84E} = {9E7785A3-499E-4488-AE38-C494516BF735}
	EndGlobalSection
	GlobalSection(ExtensibilityGlobals) = postSolution
		SolutionGuid = {6016B88A-C609-44CE-98F6-C71D6DBF11F7}
	EndGlobalSection
EndGlobal
